
Microsoft Visual Studio Solution File, Format Version 12.00
# Visual Studio Version 17
VisualStudioVersion = 17.1.32210.238
MinimumVisualStudioVersion = 10.0.40219.1
Project("{FAE04EC0-301F-11D3-BF4B-00C04F79EFBC}") = "smartPulse.Api", "smartPulse.Api\smartPulse.Api.csproj", "{4C9DEC55-AB22-43B4-8AD4-A42C206FEBCB}"
EndProject
Global
	GlobalSection(SolutionConfigurationPlatforms) = preSolution
		Debug|Any CPU = Debug|Any CPU
		Release|Any CPU = Release|Any CPU
	EndGlobalSection
	GlobalSection(ProjectConfigurationPlatforms) = postSolution
		{4C9DEC55-AB22-43B4-8AD4-A42C206FEBCB}.Debug|Any CPU.ActiveCfg = Debug|Any CPU
		{4C9DEC55-AB22-43B4-8AD4-A42C206FEBCB}.Debug|Any CPU.Build.0 = Debug|Any CPU
		{4C9DEC55-AB22-43B4-8AD4-A42C206FEBCB}.Release|Any CPU.ActiveCfg = Release|Any CPU
		{4C9DEC55-AB22-43B4-8AD4-A42C206FEBCB}.Release|Any CPU.Build.0 = Release|Any CPU
	EndGlobalSection
	GlobalSection(SolutionProperties) = preSolution
		HideSolutionNode = FALSE
	EndGlobalSection
	GlobalSection(ExtensibilityGlobals) = postSolution
		SolutionGuid = {E3568911-AB14-49EF-9A48-55F57455B1F4}
	EndGlobalSection
EndGlobal
